
Microsoft Visual Studio Solution File, Format Version 12.00
# Visual Studio Version 17
VisualStudioVersion = 17.4.33213.308
MinimumVisualStudioVersion = 10.0.40219.1
Project("{FAE04EC0-301F-11D3-BF4B-00C04F79EFBC}") = "ADICIONARELIMPAR", "ADICIONARELIMPAR.csproj", "{1A84A23E-F215-4A1C-A842-C1C062EF85BF}"
EndProject
Global
	GlobalSection(SolutionConfigurationPlatforms) = preSolution
		Debug|Any CPU = Debug|Any CPU
		Release|Any CPU = Release|Any CPU
	EndGlobalSection
	GlobalSection(ProjectConfigurationPlatforms) = postSolution
		{1A84A23E-F215-4A1C-A842-C1C062EF85BF}.Debug|Any CPU.ActiveCfg = Debug|Any CPU
		{1A84A23E-F215-4A1C-A842-C1C062EF85BF}.Debug|Any CPU.Build.0 = Debug|Any CPU
		{1A84A23E-F215-4A1C-A842-C1C062EF85BF}.Release|Any CPU.ActiveCfg = Release|Any CPU
		{1A84A23E-F215-4A1C-A842-C1C062EF85BF}.Release|Any CPU.Build.0 = Release|Any CPU
	EndGlobalSection
	GlobalSection(SolutionProperties) = preSolution
		HideSolutionNode = FALSE
	EndGlobalSection
	GlobalSection(ExtensibilityGlobals) = postSolution
		SolutionGuid = {646D9AA1-CD9E-400E-AB05-770410ABFE60}
	EndGlobalSection
EndGlobal
